
Microsoft Visual Studio Solution File, Format Version 12.00
# Visual Studio Version 17
VisualStudioVersion = 17.0.31903.59
MinimumVisualStudioVersion = 10.0.40219.1
Project("{FAE04EC0-301F-11D3-BF4B-00C04F79EFBC}") = "Desafio.Console", "Desafio.Console\Desafio.Console.csproj", "{7E7B425C-A170-480E-995D-0A8CDF128308}"
EndProject
Project("{FAE04EC0-301F-11D3-BF4B-00C04F79EFBC}") = "Desafio.Tests", "Desafio.Tests\Desafio.Tests.csproj", "{FC3B4AC4-DF0B-4919-B9D3-8CBF8EEE8480}"
EndProject
Global
	GlobalSection(SolutionConfigurationPlatforms) = preSolution
		Debug|Any CPU = Debug|Any CPU
		Release|Any CPU = Release|Any CPU
	EndGlobalSection
	GlobalSection(SolutionProperties) = preSolution
		HideSolutionNode = FALSE
	EndGlobalSection
	GlobalSection(ProjectConfigurationPlatforms) = postSolution
		{7E7B425C-A170-480E-995D-0A8CDF128308}.Debug|Any CPU.ActiveCfg = Debug|Any CPU
		{7E7B425C-A170-480E-995D-0A8CDF128308}.Debug|Any CPU.Build.0 = Debug|Any CPU
		{7E7B425C-A170-480E-995D-0A8CDF128308}.Release|Any CPU.ActiveCfg = Release|Any CPU
		{7E7B425C-A170-480E-995D-0A8CDF128308}.Release|Any CPU.Build.0 = Release|Any CPU
		{FC3B4AC4-DF0B-4919-B9D3-8CBF8EEE8480}.Debug|Any CPU.ActiveCfg = Debug|Any CPU
		{FC3B4AC4-DF0B-4919-B9D3-8CBF8EEE8480}.Debug|Any CPU.Build.0 = Debug|Any CPU
		{FC3B4AC4-DF0B-4919-B9D3-8CBF8EEE8480}.Release|Any CPU.ActiveCfg = Release|Any CPU
		{FC3B4AC4-DF0B-4919-B9D3-8CBF8EEE8480}.Release|Any CPU.Build.0 = Release|Any CPU
	EndGlobalSection
EndGlobal
